
Microsoft Visual Studio Solution File, Format Version 12.00
Project("{FAE04EC0-301F-11D3-BF4B-00C04F79EFBC}") = "PhoneResQ.API", "PhoneResQ.API\PhoneResQ.API.csproj", "{B3DE5A64-E7A9-48D5-9D59-BB7A8664DEC0}"
EndProject
Global
	GlobalSection(SolutionConfigurationPlatforms) = preSolution
		Debug|Any CPU = Debug|Any CPU
		Release|Any CPU = Release|Any CPU
	EndGlobalSection
	GlobalSection(ProjectConfigurationPlatforms) = postSolution
		{B3DE5A64-E7A9-48D5-9D59-BB7A8664DEC0}.Debug|Any CPU.ActiveCfg = Debug|Any CPU
		{B3DE5A64-E7A9-48D5-9D59-BB7A8664DEC0}.Debug|Any CPU.Build.0 = Debug|Any CPU
		{B3DE5A64-E7A9-48D5-9D59-BB7A8664DEC0}.Release|Any CPU.ActiveCfg = Release|Any CPU
		{B3DE5A64-E7A9-48D5-9D59-BB7A8664DEC0}.Release|Any CPU.Build.0 = Release|Any CPU
	EndGlobalSection
EndGlobal
