
Microsoft Visual Studio Solution File, Format Version 12.00
# Visual Studio Version 17
VisualStudioVersion = 17.5.002.0
MinimumVisualStudioVersion = 10.0.40219.1
Project("{9A19103F-16F7-4668-BE54-9A1E7A4F7556}") = "PhoneResQ.API", "PhoneResQ.API.csproj", "{4352B451-F515-4382-B06F-9EB3A8E3BFE3}"
EndProject
Global
	GlobalSection(SolutionConfigurationPlatforms) = preSolution
		Debug|Any CPU = Debug|Any CPU
		Release|Any CPU = Release|Any CPU
	EndGlobalSection
	GlobalSection(ProjectConfigurationPlatforms) = postSolution
		{4352B451-F515-4382-B06F-9EB3A8E3BFE3}.Debug|Any CPU.ActiveCfg = Debug|Any CPU
		{4352B451-F515-4382-B06F-9EB3A8E3BFE3}.Debug|Any CPU.Build.0 = Debug|Any CPU
		{4352B451-F515-4382-B06F-9EB3A8E3BFE3}.Release|Any CPU.ActiveCfg = Release|Any CPU
		{4352B451-F515-4382-B06F-9EB3A8E3BFE3}.Release|Any CPU.Build.0 = Release|Any CPU
	EndGlobalSection
	GlobalSection(SolutionProperties) = preSolution
		HideSolutionNode = FALSE
	EndGlobalSection
	GlobalSection(ExtensibilityGlobals) = postSolution
		SolutionGuid = {0DA019AC-FC12-440F-B3A8-71873FC3084A}
	EndGlobalSection
EndGlobal
